<?xml version="1.0" encoding="utf-8"?>
<Project ToolsVersion="4.0" xmlns="http://schemas.microsoft.com/developer/msbuild/2003">
  <ItemGroup>
    <Filter Include="源文件">
      <UniqueIdentifier>{4FC737F1-C7A5-4376-A066-2A32D752A2FF}</UniqueIdentifier>
      <Extensions>cpp;c;cc;cxx;def;odl;idl;hpj;bat;asm;asmx</Extensions>
    </Filter>
    <Filter Include="头文件">
      <UniqueIdentifier>{93995380-89BD-4b04-88EB-625FBE52EBFB}</UniqueIdentifier>
      <Extensions>h;hh;hpp;hxx;hm;inl;inc;ipp;xsd</Extensions>
    </Filter>
    <Filter Include="资源文件">
      <UniqueIdentifier>{67DA6AB6-F800-4c08-8B7A-83BB121AAD01}</UniqueIdentifier>
      <Extensions>rc;ico;cur;bmp;dlg;rc2;rct;bin;rgs;gif;jpg;jpeg;jpe;resx;tiff;tif;png;wav;mfcribbon-ms</Extensions>
    </Filter>
    <Filter Include="state">
      <UniqueIdentifier>{f976fc45-fd44-401e-bfda-87cac4767b1c}</UniqueIdentifier>
    </Filter>
    <Filter Include="templatemethod">
      <UniqueIdentifier>{c7c44a8f-3e38-46df-8053-0791c861cbae}</UniqueIdentifier>
    </Filter>
    <Filter Include="strategy">
      <UniqueIdentifier>{c6d39830-5e35-4a1d-b579-ff34fd6d26d4}</UniqueIdentifier>
    </Filter>
  </ItemGroup>
  <ItemGroup>
    <ClCompile Include="DataStruct.cpp">
      <Filter>源文件</Filter>
    </ClCompile>
    <ClCompile Include="MyList.cpp">
      <Filter>源文件</Filter>
    </ClCompile>
    <ClCompile Include="state\State.cpp">
      <Filter>state</Filter>
    </ClCompile>
    <ClCompile Include="state\Context.cpp">
      <Filter>源文件</Filter>
    </ClCompile>
    <ClCompile Include="templatemethod\AbstractAlgorithm.cpp">
      <Filter>templatemethod</Filter>
    </ClCompile>
    <ClCompile Include="strategy\Strategy.cpp">
      <Filter>strategy</Filter>
    </ClCompile>
  </ItemGroup>
  <ItemGroup>
    <ClInclude Include="MyList.h">
      <Filter>头文件</Filter>
    </ClInclude>
    <ClInclude Include="state\State.h">
      <Filter>state</Filter>
    </ClInclude>
    <ClInclude Include="state\Context.h">
      <Filter>state</Filter>
    </ClInclude>
    <ClInclude Include="templatemethod\AbstractAlgorithm.h">
      <Filter>templatemethod</Filter>
    </ClInclude>
    <ClInclude Include="strategy\Strategy.h">
      <Filter>strategy</Filter>
    </ClInclude>
  </ItemGroup>
</Project>